{
  "version": "1.0.0",
  "lockfileVersion": 1,
  "requires": true,
  "dependencies": {
    "@ant-basement/miniprogram-sdk": {
      "version": "2.2.13",
      "resolved": "https://registry.npm.taobao.org/@ant-basement/miniprogram-sdk/download/@ant-basement/miniprogram-sdk-2.2.13.tgz",
      "integrity": "sha1-KA7geiREE2NEiDk2jpuxTun6vnQ=",
      "requires": {
        "crypto-js": "^3.1.9-1",
        "tslib": "^1.9.3"
      }
    },
    "crypto-js": {
      "version": "3.1.9-1",
      "resolved": "http://registry.npm.taobao.org/crypto-js/download/crypto-js-3.1.9-1.tgz",
      "integrity": "sha1-/aGedh/Ad+Af+/3G6f38WeiAbNg="
    },
    "mini-antui": {
      "version": "0.4.27",
      "resolved": "https://registry.npm.taobao.org/mini-antui/download/mini-antui-0.4.27.tgz",
      "integrity": "sha1-83ZqKZi8w81IwoofXHN0xuj3On0="
    },
    "tslib": {
      "version": "1.9.3",
      "resolved": "http://registry.npm.taobao.org/tslib/download/tslib-1.9.3.tgz",
      "integrity": "sha1-1+TdeSRdhUKMTX5IIqeZF5VMooY="
    }
  }
}
